# This file is automatically @generated by Cargo.
# It is not intended for manual editing.
version = 3

[[package]]
name = "cfg-disabled-in-errors"
version = "0.1.0"

[[package]]
name = "cmp_nan"
version = "0.1.0"

[[package]]
name = "const-limits"
version = "0.1.0"

[[package]]
name = "ref-to-mut"
version = "0.1.0"

[[package]]
name = "rustc-o"
version = "0.1.0"

[[package]]
name = "undropped-manually-drops"
version = "0.1.0"

[[package]]
name = "utf8-literal"
version = "0.1.0"
