# This file is automatically @generated by Cargo.
# It is not intended for manual editing.
version = 3

[[package]]
name = "arc-file"
version = "0.1.0"

[[package]]
name = "new-panic"
version = "0.1.0"

[[package]]
name = "new_panic_assert"
version = "0.1.0"

[[package]]
name = "noop-method-call"
version = "0.1.0"

[[package]]
name = "thread-local-init"
version = "0.1.0"
